// !$*UTF8*$!
{
	archiveVersion = 1;
	classes = {
	};
	objectVersion = 56;
	objects = {

/* Begin PBXBuildFile section */
		742CE2A028F156AE003A1DD6 /* AppDelegate.swift in Sources */ = {isa = PBXBuildFile; fileRef = 742CE29F28F156AE003A1DD6 /* AppDelegate.swift */; };
		742CE2A228F156AE003A1DD6 /* SceneDelegate.swift in Sources */ = {isa = PBXBuildFile; fileRef = 742CE2A128F156AE003A1DD6 /* SceneDelegate.swift */; };
		742CE2A428F156AE003A1DD6 /* ViewController.swift in Sources */ = {isa = PBXBuildFile; fileRef = 742CE2A328F156AE003A1DD6 /* ViewController.swift */; };
		742CE2A728F156AE003A1DD6 /* Main.storyboard in Resources */ = {isa = PBXBuildFile; fileRef = 742CE2A528F156AE003A1DD6 /* Main.storyboard */; };
		742CE2A928F156AF003A1DD6 /* Assets.xcassets in Resources */ = {isa = PBXBuildFile; fileRef = 742CE2A828F156AF003A1DD6 /* Assets.xcassets */; };
		742CE2AC28F156AF003A1DD6 /* LaunchScreen.storyboard in Resources */ = {isa = PBXBuildFile; fileRef = 742CE2AA28F156AF003A1DD6 /* LaunchScreen.storyboard */; };
		742CE2B728F156AF003A1DD6 /* LearnRXSwiftTests.swift in Sources */ = {isa = PBXBuildFile; fileRef = 742CE2B628F156AF003A1DD6 /* LearnRXSwiftTests.swift */; };
		742CE2C128F156AF003A1DD6 /* LearnRXSwiftUITests.swift in Sources */ = {isa = PBXBuildFile; fileRef = 742CE2C028F156AF003A1DD6 /* LearnRXSwiftUITests.swift */; };
		742CE2C328F156AF003A1DD6 /* LearnRXSwiftUITestsLaunchTests.swift in Sources */ = {isa = PBXBuildFile; fileRef = 742CE2C228F156AF003A1DD6 /* LearnRXSwiftUITestsLaunchTests.swift */; };
		742CE2D128F15B91003A1DD6 /* ObservableViewController.swift in Sources */ = {isa = PBXBuildFile; fileRef = 742CE2D028F15B91003A1DD6 /* ObservableViewController.swift */; };
		742CE2D328F1622F003A1DD6 /* SingleViewController.swift in Sources */ = {isa = PBXBuildFile; fileRef = 742CE2D228F1622F003A1DD6 /* SingleViewController.swift */; };
		742CE2D528F2E50A003A1DD6 /* CompletableViewController.swift in Sources */ = {isa = PBXBuildFile; fileRef = 742CE2D428F2E50A003A1DD6 /* CompletableViewController.swift */; };
		742CE2D728F2E827003A1DD6 /* BaseViewController.swift in Sources */ = {isa = PBXBuildFile; fileRef = 742CE2D628F2E827003A1DD6 /* BaseViewController.swift */; };
		742CE2D928F2E85F003A1DD6 /* MaybeViewController.swift in Sources */ = {isa = PBXBuildFile; fileRef = 742CE2D828F2E85F003A1DD6 /* MaybeViewController.swift */; };
		742CE2E328F3C7B9003A1DD6 /* DriverViewController.swift in Sources */ = {isa = PBXBuildFile; fileRef = 742CE2E128F3C7B9003A1DD6 /* DriverViewController.swift */; };
		742CE2F028F3E94B003A1DD6 /* SnapKit in Frameworks */ = {isa = PBXBuildFile; productRef = 742CE2EF28F3E94B003A1DD6 /* SnapKit */; };
		742CE2F228F433DA003A1DD6 /* SignalViewController.swift in Sources */ = {isa = PBXBuildFile; fileRef = 742CE2F128F433DA003A1DD6 /* SignalViewController.swift */; };
		87F1C700C8F00C9A1160E7CE /* Pods_LearnRXSwiftTests.framework in Frameworks */ = {isa = PBXBuildFile; fileRef = A762EC4E53BC8DECEA99261C /* Pods_LearnRXSwiftTests.framework */; };
		9F672A2AD6B507B198151D10 /* Pods_LearnRXSwift.framework in Frameworks */ = {isa = PBXBuildFile; fileRef = 5F342BA8C7B638C5AFB53154 /* Pods_LearnRXSwift.framework */; };
		C58D86994713CFB9B6C76DC3 /* Pods_LearnRXSwift_LearnRXSwiftUITests.framework in Frameworks */ = {isa = PBXBuildFile; fileRef = 5FFC26A32EFA51051224D67E /* Pods_LearnRXSwift_LearnRXSwiftUITests.framework */; };
/* End PBXBuildFile section */

/* Begin PBXContainerItemProxy section */
		742CE2B328F156AF003A1DD6 /* PBXContainerItemProxy */ = {
			isa = PBXContainerItemProxy;
			containerPortal = 742CE29428F156AD003A1DD6 /* Project object */;
			proxyType = 1;
			remoteGlobalIDString = 742CE29B28F156AD003A1DD6;
			remoteInfo = LearnRXSwift;
		};
		742CE2BD28F156AF003A1DD6 /* PBXContainerItemProxy */ = {
			isa = PBXContainerItemProxy;
			containerPortal = 742CE29428F156AD003A1DD6 /* Project object */;
			proxyType = 1;
			remoteGlobalIDString = 742CE29B28F156AD003A1DD6;
			remoteInfo = LearnRXSwift;
		};
/* End PBXContainerItemProxy section */

/* Begin PBXFileReference section */
		4862CE36210CABECFC1483FB /* Pods-LearnRXSwift.debug.xcconfig */ = {isa = PBXFileReference; includeInIndex = 1; lastKnownFileType = text.xcconfig; name = "Pods-LearnRXSwift.debug.xcconfig"; path = "Target Support Files/Pods-LearnRXSwift/Pods-LearnRXSwift.debug.xcconfig"; sourceTree = "<group>"; };
		5F342BA8C7B638C5AFB53154 /* Pods_LearnRXSwift.framework */ = {isa = PBXFileReference; explicitFileType = wrapper.framework; includeInIndex = 0; path = Pods_LearnRXSwift.framework; sourceTree = BUILT_PRODUCTS_DIR; };
		5FFC26A32EFA51051224D67E /* Pods_LearnRXSwift_LearnRXSwiftUITests.framework */ = {isa = PBXFileReference; explicitFileType = wrapper.framework; includeInIndex = 0; path = Pods_LearnRXSwift_LearnRXSwiftUITests.framework; sourceTree = BUILT_PRODUCTS_DIR; };
		742CE29C28F156AD003A1DD6 /* LearnRXSwift.app */ = {isa = PBXFileReference; explicitFileType = wrapper.application; includeInIndex = 0; path = LearnRXSwift.app; sourceTree = BUILT_PRODUCTS_DIR; };
		742CE29F28F156AE003A1DD6 /* AppDelegate.swift */ = {isa = PBXFileReference; lastKnownFileType = sourcecode.swift; path = AppDelegate.swift; sourceTree = "<group>"; };
		742CE2A128F156AE003A1DD6 /* SceneDelegate.swift */ = {isa = PBXFileReference; lastKnownFileType = sourcecode.swift; path = SceneDelegate.swift; sourceTree = "<group>"; };
		742CE2A328F156AE003A1DD6 /* ViewController.swift */ = {isa = PBXFileReference; lastKnownFileType = sourcecode.swift; path = ViewController.swift; sourceTree = "<group>"; };
		742CE2A628F156AE003A1DD6 /* Base */ = {isa = PBXFileReference; lastKnownFileType = file.storyboard; name = Base; path = Base.lproj/Main.storyboard; sourceTree = "<group>"; };
		742CE2A828F156AF003A1DD6 /* Assets.xcassets */ = {isa = PBXFileReference; lastKnownFileType = folder.assetcatalog; path = Assets.xcassets; sourceTree = "<group>"; };
		742CE2AB28F156AF003A1DD6 /* Base */ = {isa = PBXFileReference; lastKnownFileType = file.storyboard; name = Base; path = Base.lproj/LaunchScreen.storyboard; sourceTree = "<group>"; };
		742CE2AD28F156AF003A1DD6 /* Info.plist */ = {isa = PBXFileReference; lastKnownFileType = text.plist.xml; path = Info.plist; sourceTree = "<group>"; };
		742CE2B228F156AF003A1DD6 /* LearnRXSwiftTests.xctest */ = {isa = PBXFileReference; explicitFileType = wrapper.cfbundle; includeInIndex = 0; path = LearnRXSwiftTests.xctest; sourceTree = BUILT_PRODUCTS_DIR; };
		742CE2B628F156AF003A1DD6 /* LearnRXSwiftTests.swift */ = {isa = PBXFileReference; lastKnownFileType = sourcecode.swift; path = LearnRXSwiftTests.swift; sourceTree = "<group>"; };
		742CE2BC28F156AF003A1DD6 /* LearnRXSwiftUITests.xctest */ = {isa = PBXFileReference; explicitFileType = wrapper.cfbundle; includeInIndex = 0; path = LearnRXSwiftUITests.xctest; sourceTree = BUILT_PRODUCTS_DIR; };
		742CE2C028F156AF003A1DD6 /* LearnRXSwiftUITests.swift */ = {isa = PBXFileReference; lastKnownFileType = sourcecode.swift; path = LearnRXSwiftUITests.swift; sourceTree = "<group>"; };
		742CE2C228F156AF003A1DD6 /* LearnRXSwiftUITestsLaunchTests.swift */ = {isa = PBXFileReference; lastKnownFileType = sourcecode.swift; path = LearnRXSwiftUITestsLaunchTests.swift; sourceTree = "<group>"; };
		742CE2D028F15B91003A1DD6 /* ObservableViewController.swift */ = {isa = PBXFileReference; fileEncoding = 4; lastKnownFileType = sourcecode.swift; path = ObservableViewController.swift; sourceTree = "<group>"; };
		742CE2D228F1622F003A1DD6 /* SingleViewController.swift */ = {isa = PBXFileReference; lastKnownFileType = sourcecode.swift; path = SingleViewController.swift; sourceTree = "<group>"; };
		742CE2D428F2E50A003A1DD6 /* CompletableViewController.swift */ = {isa = PBXFileReference; lastKnownFileType = sourcecode.swift; path = CompletableViewController.swift; sourceTree = "<group>"; };
		742CE2D628F2E827003A1DD6 /* BaseViewController.swift */ = {isa = PBXFileReference; lastKnownFileType = sourcecode.swift; path = BaseViewController.swift; sourceTree = "<group>"; };
		742CE2D828F2E85F003A1DD6 /* MaybeViewController.swift */ = {isa = PBXFileReference; lastKnownFileType = sourcecode.swift; path = MaybeViewController.swift; sourceTree = "<group>"; };
		742CE2E128F3C7B9003A1DD6 /* DriverViewController.swift */ = {isa = PBXFileReference; lastKnownFileType = sourcecode.swift; path = DriverViewController.swift; sourceTree = "<group>"; };
		742CE2F128F433DA003A1DD6 /* SignalViewController.swift */ = {isa = PBXFileReference; lastKnownFileType = sourcecode.swift; path = SignalViewController.swift; sourceTree = "<group>"; };
		A762EC4E53BC8DECEA99261C /* Pods_LearnRXSwiftTests.framework */ = {isa = PBXFileReference; explicitFileType = wrapper.framework; includeInIndex = 0; path = Pods_LearnRXSwiftTests.framework; sourceTree = BUILT_PRODUCTS_DIR; };
		B0D3A2C20C095A11A283825B /* Pods-LearnRXSwift-LearnRXSwiftUITests.debug.xcconfig */ = {isa = PBXFileReference; includeInIndex = 1; lastKnownFileType = text.xcconfig; name = "Pods-LearnRXSwift-LearnRXSwiftUITests.debug.xcconfig"; path = "Target Support Files/Pods-LearnRXSwift-LearnRXSwiftUITests/Pods-LearnRXSwift-LearnRXSwiftUITests.debug.xcconfig"; sourceTree = "<group>"; };
		B4EFE5CFA0E9AB83CB5CCC07 /* Pods-LearnRXSwiftTests.debug.xcconfig */ = {isa = PBXFileReference; includeInIndex = 1; lastKnownFileType = text.xcconfig; name = "Pods-LearnRXSwiftTests.debug.xcconfig"; path = "Target Support Files/Pods-LearnRXSwiftTests/Pods-LearnRXSwiftTests.debug.xcconfig"; sourceTree = "<group>"; };
		E387F003898DB57A3C98C0B9 /* Pods-LearnRXSwift.release.xcconfig */ = {isa = PBXFileReference; includeInIndex = 1; lastKnownFileType = text.xcconfig; name = "Pods-LearnRXSwift.release.xcconfig"; path = "Target Support Files/Pods-LearnRXSwift/Pods-LearnRXSwift.release.xcconfig"; sourceTree = "<group>"; };
		F37C3A1917F7303FBE4C77CD /* Pods-LearnRXSwift-LearnRXSwiftUITests.release.xcconfig */ = {isa = PBXFileReference; includeInIndex = 1; lastKnownFileType = text.xcconfig; name = "Pods-LearnRXSwift-LearnRXSwiftUITests.release.xcconfig"; path = "Target Support Files/Pods-LearnRXSwift-LearnRXSwiftUITests/Pods-LearnRXSwift-LearnRXSwiftUITests.release.xcconfig"; sourceTree = "<group>"; };
		FDC938F45BEA786DD974389D /* Pods-LearnRXSwiftTests.release.xcconfig */ = {isa = PBXFileReference; includeInIndex = 1; lastKnownFileType = text.xcconfig; name = "Pods-LearnRXSwiftTests.release.xcconfig"; path = "Target Support Files/Pods-LearnRXSwiftTests/Pods-LearnRXSwiftTests.release.xcconfig"; sourceTree = "<group>"; };
/* End PBXFileReference section */

/* Begin PBXFrameworksBuildPhase section */
		742CE29928F156AD003A1DD6 /* Frameworks */ = {
			isa = PBXFrameworksBuildPhase;
			buildActionMask = 2147483647;
			files = (
				9F672A2AD6B507B198151D10 /* Pods_LearnRXSwift.framework in Frameworks */,
				742CE2F028F3E94B003A1DD6 /* SnapKit in Frameworks */,
			);
			runOnlyForDeploymentPostprocessing = 0;
		};
		742CE2AF28F156AF003A1DD6 /* Frameworks */ = {
			isa = PBXFrameworksBuildPhase;
			buildActionMask = 2147483647;
			files = (
				87F1C700C8F00C9A1160E7CE /* Pods_LearnRXSwiftTests.framework in Frameworks */,
			);
			runOnlyForDeploymentPostprocessing = 0;
		};
		742CE2B928F156AF003A1DD6 /* Frameworks */ = {
			isa = PBXFrameworksBuildPhase;
			buildActionMask = 2147483647;
			files = (
				C58D86994713CFB9B6C76DC3 /* Pods_LearnRXSwift_LearnRXSwiftUITests.framework in Frameworks */,
			);
			runOnlyForDeploymentPostprocessing = 0;
		};
/* End PBXFrameworksBuildPhase section */

/* Begin PBXGroup section */
		3CD6A0506B826F25E9EF0264 /* Pods */ = {
			isa = PBXGroup;
			children = (
				4862CE36210CABECFC1483FB /* Pods-LearnRXSwift.debug.xcconfig */,
				E387F003898DB57A3C98C0B9 /* Pods-LearnRXSwift.release.xcconfig */,
				B0D3A2C20C095A11A283825B /* Pods-LearnRXSwift-LearnRXSwiftUITests.debug.xcconfig */,
				F37C3A1917F7303FBE4C77CD /* Pods-LearnRXSwift-LearnRXSwiftUITests.release.xcconfig */,
				B4EFE5CFA0E9AB83CB5CCC07 /* Pods-LearnRXSwiftTests.debug.xcconfig */,
				FDC938F45BEA786DD974389D /* Pods-LearnRXSwiftTests.release.xcconfig */,
			);
			path = Pods;
			sourceTree = "<group>";
		};
		742CE29328F156AD003A1DD6 = {
			isa = PBXGroup;
			children = (
				742CE29E28F156AD003A1DD6 /* LearnRXSwift */,
				742CE2B528F156AF003A1DD6 /* LearnRXSwiftTests */,
				742CE2BF28F156AF003A1DD6 /* LearnRXSwiftUITests */,
				742CE29D28F156AD003A1DD6 /* Products */,
				3CD6A0506B826F25E9EF0264 /* Pods */,
				D30F24D1989B5A2DD7FCDD21 /* Frameworks */,
			);
			sourceTree = "<group>";
		};
		742CE29D28F156AD003A1DD6 /* Products */ = {
			isa = PBXGroup;
			children = (
				742CE29C28F156AD003A1DD6 /* LearnRXSwift.app */,
				742CE2B228F156AF003A1DD6 /* LearnRXSwiftTests.xctest */,
				742CE2BC28F156AF003A1DD6 /* LearnRXSwiftUITests.xctest */,
			);
			name = Products;
			sourceTree = "<group>";
		};
		742CE29E28F156AD003A1DD6 /* LearnRXSwift */ = {
			isa = PBXGroup;
			children = (
				742CE2DA28F2E87F003A1DD6 /* Base */,
				742CE2CF28F15B84003A1DD6 /* Observable */,
				742CE29F28F156AE003A1DD6 /* AppDelegate.swift */,
				742CE2A128F156AE003A1DD6 /* SceneDelegate.swift */,
				742CE2A328F156AE003A1DD6 /* ViewController.swift */,
				742CE2A528F156AE003A1DD6 /* Main.storyboard */,
				742CE2A828F156AF003A1DD6 /* Assets.xcassets */,
				742CE2AA28F156AF003A1DD6 /* LaunchScreen.storyboard */,
				742CE2AD28F156AF003A1DD6 /* Info.plist */,
			);
			path = LearnRXSwift;
			sourceTree = "<group>";
		};
		742CE2B528F156AF003A1DD6 /* LearnRXSwiftTests */ = {
			isa = PBXGroup;
			children = (
				742CE2B628F156AF003A1DD6 /* LearnRXSwiftTests.swift */,
			);
			path = LearnRXSwiftTests;
			sourceTree = "<group>";
		};
		742CE2BF28F156AF003A1DD6 /* LearnRXSwiftUITests */ = {
			isa = PBXGroup;
			children = (
				742CE2C028F156AF003A1DD6 /* LearnRXSwiftUITests.swift */,
				742CE2C228F156AF003A1DD6 /* LearnRXSwiftUITestsLaunchTests.swift */,
			);
			path = LearnRXSwiftUITests;
			sourceTree = "<group>";
		};
		742CE2CF28F15B84003A1DD6 /* Observable */ = {
			isa = PBXGroup;
			children = (
				742CE2D028F15B91003A1DD6 /* ObservableViewController.swift */,
				742CE2D228F1622F003A1DD6 /* SingleViewController.swift */,
				742CE2D428F2E50A003A1DD6 /* CompletableViewController.swift */,
				742CE2D828F2E85F003A1DD6 /* MaybeViewController.swift */,
				742CE2E128F3C7B9003A1DD6 /* DriverViewController.swift */,
				742CE2F128F433DA003A1DD6 /* SignalViewController.swift */,
			);
			path = Observable;
			sourceTree = "<group>";
		};
		742CE2DA28F2E87F003A1DD6 /* Base */ = {
			isa = PBXGroup;
			children = (
				742CE2D628F2E827003A1DD6 /* BaseViewController.swift */,
			);
			path = Base;
			sourceTree = "<group>";
		};
		D30F24D1989B5A2DD7FCDD21 /* Frameworks */ = {
			isa = PBXGroup;
			children = (
				5F342BA8C7B638C5AFB53154 /* Pods_LearnRXSwift.framework */,
				5FFC26A32EFA51051224D67E /* Pods_LearnRXSwift_LearnRXSwiftUITests.framework */,
				A762EC4E53BC8DECEA99261C /* Pods_LearnRXSwiftTests.framework */,
			);
			name = Frameworks;
			sourceTree = "<group>";
		};
/* End PBXGroup section */

/* Begin PBXNativeTarget section */
		742CE29B28F156AD003A1DD6 /* LearnRXSwift */ = {
			isa = PBXNativeTarget;
			buildConfigurationList = 742CE2C628F156AF003A1DD6 /* Build configuration list for PBXNativeTarget "LearnRXSwift" */;
			buildPhases = (
				BB61B509289970CC5EE96CC8 /* [CP] Check Pods Manifest.lock */,
				742CE29828F156AD003A1DD6 /* Sources */,
				742CE29928F156AD003A1DD6 /* Frameworks */,
				742CE29A28F156AD003A1DD6 /* Resources */,
				49DE21C658F5F9822520CF19 /* [CP] Embed Pods Frameworks */,
			);
			buildRules = (
			);
			dependencies = (
			);
			name = LearnRXSwift;
			packageProductDependencies = (
				742CE2EF28F3E94B003A1DD6 /* SnapKit */,
			);
			productName = LearnRXSwift;
			productReference = 742CE29C28F156AD003A1DD6 /* LearnRXSwift.app */;
			productType = "com.apple.product-type.application";
		};
		742CE2B128F156AF003A1DD6 /* LearnRXSwiftTests */ = {
			isa = PBXNativeTarget;
			buildConfigurationList = 742CE2C928F156AF003A1DD6 /* Build configuration list for PBXNativeTarget "LearnRXSwiftTests" */;
			buildPhases = (
				97E933F62903E466BFB8B6B5 /* [CP] Check Pods Manifest.lock */,
				742CE2AE28F156AF003A1DD6 /* Sources */,
				742CE2AF28F156AF003A1DD6 /* Frameworks */,
				742CE2B028F156AF003A1DD6 /* Resources */,
			);
			buildRules = (
			);
			dependencies = (
				742CE2B428F156AF003A1DD6 /* PBXTargetDependency */,
			);
			name = LearnRXSwiftTests;
			productName = LearnRXSwiftTests;
			productReference = 742CE2B228F156AF003A1DD6 /* LearnRXSwiftTests.xctest */;
			productType = "com.apple.product-type.bundle.unit-test";
		};
		742CE2BB28F156AF003A1DD6 /* LearnRXSwiftUITests */ = {
			isa = PBXNativeTarget;
			buildConfigurationList = 742CE2CC28F156AF003A1DD6 /* Build configuration list for PBXNativeTarget "LearnRXSwiftUITests" */;
			buildPhases = (
				02A9EFBE4B5C681D22118171 /* [CP] Check Pods Manifest.lock */,
				742CE2B828F156AF003A1DD6 /* Sources */,
				742CE2B928F156AF003A1DD6 /* Frameworks */,
				742CE2BA28F156AF003A1DD6 /* Resources */,
				F013492E1680F5C71F5CEB4F /* [CP] Embed Pods Frameworks */,
			);
			buildRules = (
			);
			dependencies = (
				742CE2BE28F156AF003A1DD6 /* PBXTargetDependency */,
			);
			name = LearnRXSwiftUITests;
			productName = LearnRXSwiftUITests;
			productReference = 742CE2BC28F156AF003A1DD6 /* LearnRXSwiftUITests.xctest */;
			productType = "com.apple.product-type.bundle.ui-testing";
		};
/* End PBXNativeTarget section */

/* Begin PBXProject section */
		742CE29428F156AD003A1DD6 /* Project object */ = {
			isa = PBXProject;
			attributes = {
				BuildIndependentTargetsInParallel = 1;
				LastSwiftUpdateCheck = 1400;
				LastUpgradeCheck = 1400;
				TargetAttributes = {
					742CE29B28F156AD003A1DD6 = {
						CreatedOnToolsVersion = 14.0;
					};
					742CE2B128F156AF003A1DD6 = {
						CreatedOnToolsVersion = 14.0;
						TestTargetID = 742CE29B28F156AD003A1DD6;
					};
					742CE2BB28F156AF003A1DD6 = {
						CreatedOnToolsVersion = 14.0;
						TestTargetID = 742CE29B28F156AD003A1DD6;
					};
				};
			};
			buildConfigurationList = 742CE29728F156AD003A1DD6 /* Build configuration list for PBXProject "LearnRXSwift" */;
			compatibilityVersion = "Xcode 14.0";
			developmentRegion = en;
			hasScannedForEncodings = 0;
			knownRegions = (
				en,
				Base,
			);
			mainGroup = 742CE29328F156AD003A1DD6;
			packageReferences = (
				742CE2EE28F3E94B003A1DD6 /* XCRemoteSwiftPackageReference "SnapKit" */,
			);
			productRefGroup = 742CE29D28F156AD003A1DD6 /* Products */;
			projectDirPath = "";
			projectRoot = "";
			targets = (
				742CE29B28F156AD003A1DD6 /* LearnRXSwift */,
				742CE2B128F156AF003A1DD6 /* LearnRXSwiftTests */,
				742CE2BB28F156AF003A1DD6 /* LearnRXSwiftUITests */,
			);
		};
/* End PBXProject section */

/* Begin PBXResourcesBuildPhase section */
		742CE29A28F156AD003A1DD6 /* Resources */ = {
			isa = PBXResourcesBuildPhase;
			buildActionMask = 2147483647;
			files = (
				742CE2AC28F156AF003A1DD6 /* LaunchScreen.storyboard in Resources */,
				742CE2A928F156AF003A1DD6 /* Assets.xcassets in Resources */,
				742CE2A728F156AE003A1DD6 /* Main.storyboard in Resources */,
			);
			runOnlyForDeploymentPostprocessing = 0;
		};
		742CE2B028F156AF003A1DD6 /* Resources */ = {
			isa = PBXResourcesBuildPhase;
			buildActionMask = 2147483647;
			files = (
			);
			runOnlyForDeploymentPostprocessing = 0;
		};
		742CE2BA28F156AF003A1DD6 /* Resources */ = {
			isa = PBXResourcesBuildPhase;
			buildActionMask = 2147483647;
			files = (
			);
			runOnlyForDeploymentPostprocessing = 0;
		};
/* End PBXResourcesBuildPhase section */

/* Begin PBXShellScriptBuildPhase section */
		02A9EFBE4B5C681D22118171 /* [CP] Check Pods Manifest.lock */ = {
			isa = PBXShellScriptBuildPhase;
			buildActionMask = 2147483647;
			files = (
			);
			inputFileListPaths = (
			);
			inputPaths = (
				"${PODS_PODFILE_DIR_PATH}/Podfile.lock",
				"${PODS_ROOT}/Manifest.lock",
			);
			name = "[CP] Check Pods Manifest.lock";
			outputFileListPaths = (
			);
			outputPaths = (
				"$(DERIVED_FILE_DIR)/Pods-LearnRXSwift-LearnRXSwiftUITests-checkManifestLockResult.txt",
			);
			runOnlyForDeploymentPostprocessing = 0;
			shellPath = /bin/sh;
			shellScript = "diff \"${PODS_PODFILE_DIR_PATH}/Podfile.lock\" \"${PODS_ROOT}/Manifest.lock\" > /dev/null\nif [ $? != 0 ] ; then\n    # print error to STDERR\n    echo \"error: The sandbox is not in sync with the Podfile.lock. Run 'pod install' or update your CocoaPods installation.\" >&2\n    exit 1\nfi\n# This output is used by Xcode 'outputs' to avoid re-running this script phase.\necho \"SUCCESS\" > \"${SCRIPT_OUTPUT_FILE_0}\"\n";
			showEnvVarsInLog = 0;
		};
		49DE21C658F5F9822520CF19 /* [CP] Embed Pods Frameworks */ = {
			isa = PBXShellScriptBuildPhase;
			buildActionMask = 2147483647;
			files = (
			);
			inputFileListPaths = (
				"${PODS_ROOT}/Target Support Files/Pods-LearnRXSwift/Pods-LearnRXSwift-frameworks-${CONFIGURATION}-input-files.xcfilelist",
			);
			name = "[CP] Embed Pods Frameworks";
			outputFileListPaths = (
				"${PODS_ROOT}/Target Support Files/Pods-LearnRXSwift/Pods-LearnRXSwift-frameworks-${CONFIGURATION}-output-files.xcfilelist",
			);
			runOnlyForDeploymentPostprocessing = 0;
			shellPath = /bin/sh;
			shellScript = "\"${PODS_ROOT}/Target Support Files/Pods-LearnRXSwift/Pods-LearnRXSwift-frameworks.sh\"\n";
			showEnvVarsInLog = 0;
		};
		97E933F62903E466BFB8B6B5 /* [CP] Check Pods Manifest.lock */ = {
			isa = PBXShellScriptBuildPhase;
			buildActionMask = 2147483647;
			files = (
			);
			inputFileListPaths = (
			);
			inputPaths = (
				"${PODS_PODFILE_DIR_PATH}/Podfile.lock",
				"${PODS_ROOT}/Manifest.lock",
			);
			name = "[CP] Check Pods Manifest.lock";
			outputFileListPaths = (
			);
			outputPaths = (
				"$(DERIVED_FILE_DIR)/Pods-LearnRXSwiftTests-checkManifestLockResult.txt",
			);
			runOnlyForDeploymentPostprocessing = 0;
			shellPath = /bin/sh;
			shellScript = "diff \"${PODS_PODFILE_DIR_PATH}/Podfile.lock\" \"${PODS_ROOT}/Manifest.lock\" > /dev/null\nif [ $? != 0 ] ; then\n    # print error to STDERR\n    echo \"error: The sandbox is not in sync with the Podfile.lock. Run 'pod install' or update your CocoaPods installation.\" >&2\n    exit 1\nfi\n# This output is used by Xcode 'outputs' to avoid re-running this script phase.\necho \"SUCCESS\" > \"${SCRIPT_OUTPUT_FILE_0}\"\n";
			showEnvVarsInLog = 0;
		};
		BB61B509289970CC5EE96CC8 /* [CP] Check Pods Manifest.lock */ = {
			isa = PBXShellScriptBuildPhase;
			buildActionMask = 2147483647;
			files = (
			);
			inputFileListPaths = (
			);
			inputPaths = (
				"${PODS_PODFILE_DIR_PATH}/Podfile.lock",
				"${PODS_ROOT}/Manifest.lock",
			);
			name = "[CP] Check Pods Manifest.lock";
			outputFileListPaths = (
			);
			outputPaths = (
				"$(DERIVED_FILE_DIR)/Pods-LearnRXSwift-checkManifestLockResult.txt",
			);
			runOnlyForDeploymentPostprocessing = 0;
			shellPath = /bin/sh;
			shellScript = "diff \"${PODS_PODFILE_DIR_PATH}/Podfile.lock\" \"${PODS_ROOT}/Manifest.lock\" > /dev/null\nif [ $? != 0 ] ; then\n    # print error to STDERR\n    echo \"error: The sandbox is not in sync with the Podfile.lock. Run 'pod install' or update your CocoaPods installation.\" >&2\n    exit 1\nfi\n# This output is used by Xcode 'outputs' to avoid re-running this script phase.\necho \"SUCCESS\" > \"${SCRIPT_OUTPUT_FILE_0}\"\n";
			showEnvVarsInLog = 0;
		};
		F013492E1680F5C71F5CEB4F /* [CP] Embed Pods Frameworks */ = {
			isa = PBXShellScriptBuildPhase;
			buildActionMask = 2147483647;
			files = (
			);
			inputFileListPaths = (
				"${PODS_ROOT}/Target Support Files/Pods-LearnRXSwift-LearnRXSwiftUITests/Pods-LearnRXSwift-LearnRXSwiftUITests-frameworks-${CONFIGURATION}-input-files.xcfilelist",
			);
			name = "[CP] Embed Pods Frameworks";
			outputFileListPaths = (
				"${PODS_ROOT}/Target Support Files/Pods-LearnRXSwift-LearnRXSwiftUITests/Pods-LearnRXSwift-LearnRXSwiftUITests-frameworks-${CONFIGURATION}-output-files.xcfilelist",
			);
			runOnlyForDeploymentPostprocessing = 0;
			shellPath = /bin/sh;
			shellScript = "\"${PODS_ROOT}/Target Support Files/Pods-LearnRXSwift-LearnRXSwiftUITests/Pods-LearnRXSwift-LearnRXSwiftUITests-frameworks.sh\"\n";
			showEnvVarsInLog = 0;
		};
/* End PBXShellScriptBuildPhase section */

/* Begin PBXSourcesBuildPhase section */
		742CE29828F156AD003A1DD6 /* Sources */ = {
			isa = PBXSourcesBuildPhase;
			buildActionMask = 2147483647;
			files = (
				742CE2E328F3C7B9003A1DD6 /* DriverViewController.swift in Sources */,
				742CE2A428F156AE003A1DD6 /* ViewController.swift in Sources */,
				742CE2F228F433DA003A1DD6 /* SignalViewController.swift in Sources */,
				742CE2D928F2E85F003A1DD6 /* MaybeViewController.swift in Sources */,
				742CE2D528F2E50A003A1DD6 /* CompletableViewController.swift in Sources */,
				742CE2D328F1622F003A1DD6 /* SingleViewController.swift in Sources */,
				742CE2D128F15B91003A1DD6 /* ObservableViewController.swift in Sources */,
				742CE2A028F156AE003A1DD6 /* AppDelegate.swift in Sources */,
				742CE2D728F2E827003A1DD6 /* BaseViewController.swift in Sources */,
				742CE2A228F156AE003A1DD6 /* SceneDelegate.swift in Sources */,
			);
			runOnlyForDeploymentPostprocessing = 0;
		};
		742CE2AE28F156AF003A1DD6 /* Sources */ = {
			isa = PBXSourcesBuildPhase;
			buildActionMask = 2147483647;
			files = (
				742CE2B728F156AF003A1DD6 /* LearnRXSwiftTests.swift in Sources */,
			);
			runOnlyForDeploymentPostprocessing = 0;
		};
		742CE2B828F156AF003A1DD6 /* Sources */ = {
			isa = PBXSourcesBuildPhase;
			buildActionMask = 2147483647;
			files = (
				742CE2C128F156AF003A1DD6 /* LearnRXSwiftUITests.swift in Sources */,
				742CE2C328F156AF003A1DD6 /* LearnRXSwiftUITestsLaunchTests.swift in Sources */,
			);
			runOnlyForDeploymentPostprocessing = 0;
		};
/* End PBXSourcesBuildPhase section */

/* Begin PBXTargetDependency section */
		742CE2B428F156AF003A1DD6 /* PBXTargetDependency */ = {
			isa = PBXTargetDependency;
			target = 742CE29B28F156AD003A1DD6 /* LearnRXSwift */;
			targetProxy = 742CE2B328F156AF003A1DD6 /* PBXContainerItemProxy */;
		};
		742CE2BE28F156AF003A1DD6 /* PBXTargetDependency */ = {
			isa = PBXTargetDependency;
			target = 742CE29B28F156AD003A1DD6 /* LearnRXSwift */;
			targetProxy = 742CE2BD28F156AF003A1DD6 /* PBXContainerItemProxy */;
		};
/* End PBXTargetDependency section */

/* Begin PBXVariantGroup section */
		742CE2A528F156AE003A1DD6 /* Main.storyboard */ = {
			isa = PBXVariantGroup;
			children = (
				742CE2A628F156AE003A1DD6 /* Base */,
			);
			name = Main.storyboard;
			sourceTree = "<group>";
		};
		742CE2AA28F156AF003A1DD6 /* LaunchScreen.storyboard */ = {
			isa = PBXVariantGroup;
			children = (
				742CE2AB28F156AF003A1DD6 /* Base */,
			);
			name = LaunchScreen.storyboard;
			sourceTree = "<group>";
		};
/* End PBXVariantGroup section */

/* Begin XCBuildConfiguration section */
		742CE2C428F156AF003A1DD6 /* Debug */ = {
			isa = XCBuildConfiguration;
			buildSettings = {
				ALWAYS_SEARCH_USER_PATHS = NO;
				CLANG_ANALYZER_NONNULL = YES;
				CLANG_ANALYZER_NUMBER_OBJECT_CONVERSION = YES_AGGRESSIVE;
				CLANG_CXX_LANGUAGE_STANDARD = "gnu++20";
				CLANG_ENABLE_MODULES = YES;
				CLANG_ENABLE_OBJC_ARC = YES;
				CLANG_ENABLE_OBJC_WEAK = YES;
				CLANG_WARN_BLOCK_CAPTURE_AUTORELEASING = YES;
				CLANG_WARN_BOOL_CONVERSION = YES;
				CLANG_WARN_COMMA = YES;
				CLANG_WARN_CONSTANT_CONVERSION = YES;
				CLANG_WARN_DEPRECATED_OBJC_IMPLEMENTATIONS = YES;
				CLANG_WARN_DIRECT_OBJC_ISA_USAGE = YES_ERROR;
				CLANG_WARN_DOCUMENTATION_COMMENTS = YES;
				CLANG_WARN_EMPTY_BODY = YES;
				CLANG_WARN_ENUM_CONVERSION = YES;
				CLANG_WARN_INFINITE_RECURSION = YES;
				CLANG_WARN_INT_CONVERSION = YES;
				CLANG_WARN_NON_LITERAL_NULL_CONVERSION = YES;
				CLANG_WARN_OBJC_IMPLICIT_RETAIN_SELF = YES;
				CLANG_WARN_OBJC_LITERAL_CONVERSION = YES;
				CLANG_WARN_OBJC_ROOT_CLASS = YES_ERROR;
				CLANG_WARN_QUOTED_INCLUDE_IN_FRAMEWORK_HEADER = YES;
				CLANG_WARN_RANGE_LOOP_ANALYSIS = YES;
				CLANG_WARN_STRICT_PROTOTYPES = YES;
				CLANG_WARN_SUSPICIOUS_MOVE = YES;
				CLANG_WARN_UNGUARDED_AVAILABILITY = YES_AGGRESSIVE;
				CLANG_WARN_UNREACHABLE_CODE = YES;
				CLANG_WARN__DUPLICATE_METHOD_MATCH = YES;
				COPY_PHASE_STRIP = NO;
				DEBUG_INFORMATION_FORMAT = dwarf;
				ENABLE_STRICT_OBJC_MSGSEND = YES;
				ENABLE_TESTABILITY = YES;
				GCC_C_LANGUAGE_STANDARD = gnu11;
				GCC_DYNAMIC_NO_PIC = NO;
				GCC_NO_COMMON_BLOCKS = YES;
				GCC_OPTIMIZATION_LEVEL = 0;
				GCC_PREPROCESSOR_DEFINITIONS = (
					"DEBUG=1",
					"$(inherited)",
				);
				GCC_WARN_64_TO_32_BIT_CONVERSION = YES;
				GCC_WARN_ABOUT_RETURN_TYPE = YES_ERROR;
				GCC_WARN_UNDECLARED_SELECTOR = YES;
				GCC_WARN_UNINITIALIZED_AUTOS = YES_AGGRESSIVE;
				GCC_WARN_UNUSED_FUNCTION = YES;
				GCC_WARN_UNUSED_VARIABLE = YES;
				IPHONEOS_DEPLOYMENT_TARGET = 16.0;
				MTL_ENABLE_DEBUG_INFO = INCLUDE_SOURCE;
				MTL_FAST_MATH = YES;
				ONLY_ACTIVE_ARCH = YES;
				SDKROOT = iphoneos;
				SWIFT_ACTIVE_COMPILATION_CONDITIONS = DEBUG;
				SWIFT_OPTIMIZATION_LEVEL = "-Onone";
			};
			name = Debug;
		};
		742CE2C528F156AF003A1DD6 /* Release */ = {
			isa = XCBuildConfiguration;
			buildSettings = {
				ALWAYS_SEARCH_USER_PATHS = NO;
				CLANG_ANALYZER_NONNULL = YES;
				CLANG_ANALYZER_NUMBER_OBJECT_CONVERSION = YES_AGGRESSIVE;
				CLANG_CXX_LANGUAGE_STANDARD = "gnu++20";
				CLANG_ENABLE_MODULES = YES;
				CLANG_ENABLE_OBJC_ARC = YES;
				CLANG_ENABLE_OBJC_WEAK = YES;
				CLANG_WARN_BLOCK_CAPTURE_AUTORELEASING = YES;
				CLANG_WARN_BOOL_CONVERSION = YES;
				CLANG_WARN_COMMA = YES;
				CLANG_WARN_CONSTANT_CONVERSION = YES;
				CLANG_WARN_DEPRECATED_OBJC_IMPLEMENTATIONS = YES;
				CLANG_WARN_DIRECT_OBJC_ISA_USAGE = YES_ERROR;
				CLANG_WARN_DOCUMENTATION_COMMENTS = YES;
				CLANG_WARN_EMPTY_BODY = YES;
				CLANG_WARN_ENUM_CONVERSION = YES;
				CLANG_WARN_INFINITE_RECURSION = YES;
				CLANG_WARN_INT_CONVERSION = YES;
				CLANG_WARN_NON_LITERAL_NULL_CONVERSION = YES;
				CLANG_WARN_OBJC_IMPLICIT_RETAIN_SELF = YES;
				CLANG_WARN_OBJC_LITERAL_CONVERSION = YES;
				CLANG_WARN_OBJC_ROOT_CLASS = YES_ERROR;
				CLANG_WARN_QUOTED_INCLUDE_IN_FRAMEWORK_HEADER = YES;
				CLANG_WARN_RANGE_LOOP_ANALYSIS = YES;
				CLANG_WARN_STRICT_PROTOTYPES = YES;
				CLANG_WARN_SUSPICIOUS_MOVE = YES;
				CLANG_WARN_UNGUARDED_AVAILABILITY = YES_AGGRESSIVE;
				CLANG_WARN_UNREACHABLE_CODE = YES;
				CLANG_WARN__DUPLICATE_METHOD_MATCH = YES;
				COPY_PHASE_STRIP = NO;
				DEBUG_INFORMATION_FORMAT = "dwarf-with-dsym";
				ENABLE_NS_ASSERTIONS = NO;
				ENABLE_STRICT_OBJC_MSGSEND = YES;
				GCC_C_LANGUAGE_STANDARD = gnu11;
				GCC_NO_COMMON_BLOCKS = YES;
				GCC_WARN_64_TO_32_BIT_CONVERSION = YES;
				GCC_WARN_ABOUT_RETURN_TYPE = YES_ERROR;
				GCC_WARN_UNDECLARED_SELECTOR = YES;
				GCC_WARN_UNINITIALIZED_AUTOS = YES_AGGRESSIVE;
				GCC_WARN_UNUSED_FUNCTION = YES;
				GCC_WARN_UNUSED_VARIABLE = YES;
				IPHONEOS_DEPLOYMENT_TARGET = 16.0;
				MTL_ENABLE_DEBUG_INFO = NO;
				MTL_FAST_MATH = YES;
				SDKROOT = iphoneos;
				SWIFT_COMPILATION_MODE = wholemodule;
				SWIFT_OPTIMIZATION_LEVEL = "-O";
				VALIDATE_PRODUCT = YES;
			};
			name = Release;
		};
		742CE2C728F156AF003A1DD6 /* Debug */ = {
			isa = XCBuildConfiguration;
			baseConfigurationReference = 4862CE36210CABECFC1483FB /* Pods-LearnRXSwift.debug.xcconfig */;
			buildSettings = {
				ASSETCATALOG_COMPILER_APPICON_NAME = AppIcon;
				ASSETCATALOG_COMPILER_GLOBAL_ACCENT_COLOR_NAME = AccentColor;
				CODE_SIGN_STYLE = Automatic;
				CURRENT_PROJECT_VERSION = 1;
				GENERATE_INFOPLIST_FILE = YES;
				INFOPLIST_FILE = LearnRXSwift/Info.plist;
				INFOPLIST_KEY_UIApplicationSupportsIndirectInputEvents = YES;
				INFOPLIST_KEY_UILaunchStoryboardName = LaunchScreen;
				INFOPLIST_KEY_UIMainStoryboardFile = Main;
				INFOPLIST_KEY_UISupportedInterfaceOrientations_iPad = "UIInterfaceOrientationPortrait UIInterfaceOrientationPortraitUpsideDown UIInterfaceOrientationLandscapeLeft UIInterfaceOrientationLandscapeRight";
				INFOPLIST_KEY_UISupportedInterfaceOrientations_iPhone = "UIInterfaceOrientationPortrait UIInterfaceOrientationLandscapeLeft UIInterfaceOrientationLandscapeRight";
				LD_RUNPATH_SEARCH_PATHS = (
					"$(inherited)",
					"@executable_path/Frameworks",
				);
				MARKETING_VERSION = 1.0;
				PRODUCT_BUNDLE_IDENTIFIER = com.deepway.LearnRXSwift;
				PRODUCT_NAME = "$(TARGET_NAME)";
				SWIFT_EMIT_LOC_STRINGS = YES;
				SWIFT_VERSION = 5.0;
				TARGETED_DEVICE_FAMILY = "1,2";
			};
			name = Debug;
		};
		742CE2C828F156AF003A1DD6 /* Release */ = {
			isa = XCBuildConfiguration;
			baseConfigurationReference = E387F003898DB57A3C98C0B9 /* Pods-LearnRXSwift.release.xcconfig */;
			buildSettings = {
				ASSETCATALOG_COMPILER_APPICON_NAME = AppIcon;
				ASSETCATALOG_COMPILER_GLOBAL_ACCENT_COLOR_NAME = AccentColor;
				CODE_SIGN_STYLE = Automatic;
				CURRENT_PROJECT_VERSION = 1;
				GENERATE_INFOPLIST_FILE = YES;
				INFOPLIST_FILE = LearnRXSwift/Info.plist;
				INFOPLIST_KEY_UIApplicationSupportsIndirectInputEvents = YES;
				INFOPLIST_KEY_UILaunchStoryboardName = LaunchScreen;
				INFOPLIST_KEY_UIMainStoryboardFile = Main;
				INFOPLIST_KEY_UISupportedInterfaceOrientations_iPad = "UIInterfaceOrientationPortrait UIInterfaceOrientationPortraitUpsideDown UIInterfaceOrientationLandscapeLeft UIInterfaceOrientationLandscapeRight";
				INFOPLIST_KEY_UISupportedInterfaceOrientations_iPhone = "UIInterfaceOrientationPortrait UIInterfaceOrientationLandscapeLeft UIInterfaceOrientationLandscapeRight";
				LD_RUNPATH_SEARCH_PATHS = (
					"$(inherited)",
					"@executable_path/Frameworks",
				);
				MARKETING_VERSION = 1.0;
				PRODUCT_BUNDLE_IDENTIFIER = com.deepway.LearnRXSwift;
				PRODUCT_NAME = "$(TARGET_NAME)";
				SWIFT_EMIT_LOC_STRINGS = YES;
				SWIFT_VERSION = 5.0;
				TARGETED_DEVICE_FAMILY = "1,2";
			};
			name = Release;
		};
		742CE2CA28F156AF003A1DD6 /* Debug */ = {
			isa = XCBuildConfiguration;
			baseConfigurationReference = B4EFE5CFA0E9AB83CB5CCC07 /* Pods-LearnRXSwiftTests.debug.xcconfig */;
			buildSettings = {
				ALWAYS_EMBED_SWIFT_STANDARD_LIBRARIES = YES;
				BUNDLE_LOADER = "$(TEST_HOST)";
				CODE_SIGN_STYLE = Automatic;
				CURRENT_PROJECT_VERSION = 1;
				GENERATE_INFOPLIST_FILE = YES;
				IPHONEOS_DEPLOYMENT_TARGET = 16.0;
				MARKETING_VERSION = 1.0;
				PRODUCT_BUNDLE_IDENTIFIER = com.deepway.LearnRXSwiftTests;
				PRODUCT_NAME = "$(TARGET_NAME)";
				SWIFT_EMIT_LOC_STRINGS = NO;
				SWIFT_VERSION = 5.0;
				TARGETED_DEVICE_FAMILY = "1,2";
				TEST_HOST = "$(BUILT_PRODUCTS_DIR)/LearnRXSwift.app/$(BUNDLE_EXECUTABLE_FOLDER_PATH)/LearnRXSwift";
			};
			name = Debug;
		};
		742CE2CB28F156AF003A1DD6 /* Release */ = {
			isa = XCBuildConfiguration;
			baseConfigurationReference = FDC938F45BEA786DD974389D /* Pods-LearnRXSwiftTests.release.xcconfig */;
			buildSettings = {
				ALWAYS_EMBED_SWIFT_STANDARD_LIBRARIES = YES;
				BUNDLE_LOADER = "$(TEST_HOST)";
				CODE_SIGN_STYLE = Automatic;
				CURRENT_PROJECT_VERSION = 1;
				GENERATE_INFOPLIST_FILE = YES;
				IPHONEOS_DEPLOYMENT_TARGET = 16.0;
				MARKETING_VERSION = 1.0;
				PRODUCT_BUNDLE_IDENTIFIER = com.deepway.LearnRXSwiftTests;
				PRODUCT_NAME = "$(TARGET_NAME)";
				SWIFT_EMIT_LOC_STRINGS = NO;
				SWIFT_VERSION = 5.0;
				TARGETED_DEVICE_FAMILY = "1,2";
				TEST_HOST = "$(BUILT_PRODUCTS_DIR)/LearnRXSwift.app/$(BUNDLE_EXECUTABLE_FOLDER_PATH)/LearnRXSwift";
			};
			name = Release;
		};
		742CE2CD28F156AF003A1DD6 /* Debug */ = {
			isa = XCBuildConfiguration;
			baseConfigurationReference = B0D3A2C20C095A11A283825B /* Pods-LearnRXSwift-LearnRXSwiftUITests.debug.xcconfig */;
			buildSettings = {
				ALWAYS_EMBED_SWIFT_STANDARD_LIBRARIES = YES;
				CODE_SIGN_STYLE = Automatic;
				CURRENT_PROJECT_VERSION = 1;
				GENERATE_INFOPLIST_FILE = YES;
				MARKETING_VERSION = 1.0;
				PRODUCT_BUNDLE_IDENTIFIER = com.deepway.LearnRXSwiftUITests;
				PRODUCT_NAME = "$(TARGET_NAME)";
				SWIFT_EMIT_LOC_STRINGS = NO;
				SWIFT_VERSION = 5.0;
				TARGETED_DEVICE_FAMILY = "1,2";
				TEST_TARGET_NAME = LearnRXSwift;
			};
			name = Debug;
		};
		742CE2CE28F156AF003A1DD6 /* Release */ = {
			isa = XCBuildConfiguration;
			baseConfigurationReference = F37C3A1917F7303FBE4C77CD /* Pods-LearnRXSwift-LearnRXSwiftUITests.release.xcconfig */;
			buildSettings = {
				ALWAYS_EMBED_SWIFT_STANDARD_LIBRARIES = YES;
				CODE_SIGN_STYLE = Automatic;
				CURRENT_PROJECT_VERSION = 1;
				GENERATE_INFOPLIST_FILE = YES;
				MARKETING_VERSION = 1.0;
				PRODUCT_BUNDLE_IDENTIFIER = com.deepway.LearnRXSwiftUITests;
				PRODUCT_NAME = "$(TARGET_NAME)";
				SWIFT_EMIT_LOC_STRINGS = NO;
				SWIFT_VERSION = 5.0;
				TARGETED_DEVICE_FAMILY = "1,2";
				TEST_TARGET_NAME = LearnRXSwift;
			};
			name = Release;
		};
/* End XCBuildConfiguration section */

/* Begin XCConfigurationList section */
		742CE29728F156AD003A1DD6 /* Build configuration list for PBXProject "LearnRXSwift" */ = {
			isa = XCConfigurationList;
			buildConfigurations = (
				742CE2C428F156AF003A1DD6 /* Debug */,
				742CE2C528F156AF003A1DD6 /* Release */,
			);
			defaultConfigurationIsVisible = 0;
			defaultConfigurationName = Release;
		};
		742CE2C628F156AF003A1DD6 /* Build configuration list for PBXNativeTarget "LearnRXSwift" */ = {
			isa = XCConfigurationList;
			buildConfigurations = (
				742CE2C728F156AF003A1DD6 /* Debug */,
				742CE2C828F156AF003A1DD6 /* Release */,
			);
			defaultConfigurationIsVisible = 0;
			defaultConfigurationName = Release;
		};
		742CE2C928F156AF003A1DD6 /* Build configuration list for PBXNativeTarget "LearnRXSwiftTests" */ = {
			isa = XCConfigurationList;
			buildConfigurations = (
				742CE2CA28F156AF003A1DD6 /* Debug */,
				742CE2CB28F156AF003A1DD6 /* Release */,
			);
			defaultConfigurationIsVisible = 0;
			defaultConfigurationName = Release;
		};
		742CE2CC28F156AF003A1DD6 /* Build configuration list for PBXNativeTarget "LearnRXSwiftUITests" */ = {
			isa = XCConfigurationList;
			buildConfigurations = (
				742CE2CD28F156AF003A1DD6 /* Debug */,
				742CE2CE28F156AF003A1DD6 /* Release */,
			);
			defaultConfigurationIsVisible = 0;
			defaultConfigurationName = Release;
		};
/* End XCConfigurationList section */

/* Begin XCRemoteSwiftPackageReference section */
		742CE2EE28F3E94B003A1DD6 /* XCRemoteSwiftPackageReference "SnapKit" */ = {
			isa = XCRemoteSwiftPackageReference;
			repositoryURL = "https://github.com/SnapKit/SnapKit.git";
			requirement = {
				kind = upToNextMajorVersion;
				minimumVersion = 5.0.1;
			};
		};
/* End XCRemoteSwiftPackageReference section */

/* Begin XCSwiftPackageProductDependency section */
		742CE2EF28F3E94B003A1DD6 /* SnapKit */ = {
			isa = XCSwiftPackageProductDependency;
			package = 742CE2EE28F3E94B003A1DD6 /* XCRemoteSwiftPackageReference "SnapKit" */;
			productName = SnapKit;
		};
/* End XCSwiftPackageProductDependency section */
	};
	rootObject = 742CE29428F156AD003A1DD6 /* Project object */;
}
